{
  "name": "miniprogram",
  "version": "1.0.0",
  "lockfileVersion": 1,
  "requires": true,
  "dependencies": {
    "@vant/weapp": {
      "version": "1.5.1",
      "resolved": "https://registry.npm.taobao.org/@vant/weapp/download/@vant/weapp-1.5.1.tgz",
      "integrity": "sha512-rfaZy8oW+yE/hz2EK2hwS3eTWXPcddJ+/j7GCHd4+GOlSJuXzk6xpM63ARAWWe+EUQrXqGXl7ssOHdqK3Z9Ejg=="
    },
    "jsbn": {
      "version": "1.1.0",
      "resolved": "https://registry.npm.taobao.org/jsbn/download/jsbn-1.1.0.tgz",
      "integrity": "sha1-sBMHyym2GKHtJux56RH4A8TaAEA="
    },
    "miniprogram-sm-crypto": {
      "version": "0.2.1",
      "resolved": "https://registry.npm.taobao.org/miniprogram-sm-crypto/download/miniprogram-sm-crypto-0.2.1.tgz",
      "integrity": "sha1-6ngXXIT0sBg4autDpWYZsmw3Y0E=",
      "requires": {
        "jsbn": "^1.1.0"
      }
    },
    "vant-weapp": {
      "version": "0.5.28",
      "resolved": "https://registry.npm.taobao.org/vant-weapp/download/vant-weapp-0.5.28.tgz",
      "integrity": "sha1-Qm7biuxShKGnvqsbXpy3PlFExBs="
    }
  }
}
